
Microsoft Visual Studio Solution File, Format Version 12.00
# Visual Studio Version 16
VisualStudioVersion = 16.0.29709.97
MinimumVisualStudioVersion = 10.0.40219.1
Project("{FAE04EC0-301F-11D3-BF4B-00C04F79EFBC}") = "AppTp1", "AppTp1\AppTp1.csproj", "{1D5BF7A1-F30F-446F-853E-25DD6731E5F2}"
EndProject
Project("{FAE04EC0-301F-11D3-BF4B-00C04F79EFBC}") = "appTp2", "appTp2\appTp2.csproj", "{E3F6EB7C-9810-4714-9D4D-7320DE59386C}"
EndProject
Project("{FAE04EC0-301F-11D3-BF4B-00C04F79EFBC}") = "AppAspNetTP", "AppAspNet\AppAspNetTP.csproj", "{42F59421-7528-4BBD-A5D6-CC3E6EA21C3A}"
EndProject
Project("{FAE04EC0-301F-11D3-BF4B-00C04F79EFBC}") = "BO", "BO\BO.csproj", "{6066EAAA-6025-49BC-A1F3-FC6447C42CD9}"
EndProject
Project("{FAE04EC0-301F-11D3-BF4B-00C04F79EFBC}") = "Les pizzas", "Les pizzas\Les pizzas.csproj", "{17FB7D52-C44A-4702-96CF-0D2922B51FBC}"
EndProject
Global
	GlobalSection(SolutionConfigurationPlatforms) = preSolution
		Debug|Any CPU = Debug|Any CPU
		Release|Any CPU = Release|Any CPU
	EndGlobalSection
	GlobalSection(ProjectConfigurationPlatforms) = postSolution
		{1D5BF7A1-F30F-446F-853E-25DD6731E5F2}.Debug|Any CPU.ActiveCfg = Debug|Any CPU
		{1D5BF7A1-F30F-446F-853E-25DD6731E5F2}.Debug|Any CPU.Build.0 = Debug|Any CPU
		{1D5BF7A1-F30F-446F-853E-25DD6731E5F2}.Release|Any CPU.ActiveCfg = Release|Any CPU
		{1D5BF7A1-F30F-446F-853E-25DD6731E5F2}.Release|Any CPU.Build.0 = Release|Any CPU
		{E3F6EB7C-9810-4714-9D4D-7320DE59386C}.Debug|Any CPU.ActiveCfg = Debug|Any CPU
		{E3F6EB7C-9810-4714-9D4D-7320DE59386C}.Debug|Any CPU.Build.0 = Debug|Any CPU
		{E3F6EB7C-9810-4714-9D4D-7320DE59386C}.Release|Any CPU.ActiveCfg = Release|Any CPU
		{E3F6EB7C-9810-4714-9D4D-7320DE59386C}.Release|Any CPU.Build.0 = Release|Any CPU
		{42F59421-7528-4BBD-A5D6-CC3E6EA21C3A}.Debug|Any CPU.ActiveCfg = Debug|Any CPU
		{42F59421-7528-4BBD-A5D6-CC3E6EA21C3A}.Debug|Any CPU.Build.0 = Debug|Any CPU
		{42F59421-7528-4BBD-A5D6-CC3E6EA21C3A}.Release|Any CPU.ActiveCfg = Release|Any CPU
		{42F59421-7528-4BBD-A5D6-CC3E6EA21C3A}.Release|Any CPU.Build.0 = Release|Any CPU
		{6066EAAA-6025-49BC-A1F3-FC6447C42CD9}.Debug|Any CPU.ActiveCfg = Debug|Any CPU
		{6066EAAA-6025-49BC-A1F3-FC6447C42CD9}.Debug|Any CPU.Build.0 = Debug|Any CPU
		{6066EAAA-6025-49BC-A1F3-FC6447C42CD9}.Release|Any CPU.ActiveCfg = Release|Any CPU
		{6066EAAA-6025-49BC-A1F3-FC6447C42CD9}.Release|Any CPU.Build.0 = Release|Any CPU
		{17FB7D52-C44A-4702-96CF-0D2922B51FBC}.Debug|Any CPU.ActiveCfg = Debug|Any CPU
		{17FB7D52-C44A-4702-96CF-0D2922B51FBC}.Debug|Any CPU.Build.0 = Debug|Any CPU
		{17FB7D52-C44A-4702-96CF-0D2922B51FBC}.Release|Any CPU.ActiveCfg = Release|Any CPU
		{17FB7D52-C44A-4702-96CF-0D2922B51FBC}.Release|Any CPU.Build.0 = Release|Any CPU
	EndGlobalSection
	GlobalSection(SolutionProperties) = preSolution
		HideSolutionNode = FALSE
	EndGlobalSection
	GlobalSection(ExtensibilityGlobals) = postSolution
		SolutionGuid = {B306A5F3-DB39-49AE-9092-9D3F9DA58FD4}
	EndGlobalSection
EndGlobal
